
Microsoft Visual Studio Solution File, Format Version 12.00
# Visual Studio 2013
VisualStudioVersion = 12.0.31101.0
MinimumVisualStudioVersion = 10.0.40219.1
Project("{FAE04EC0-301F-11D3-BF4B-00C04F79EFBC}") = "Eagle.Web", "Eagle.Web\Eagle.Web.csproj", "{EDDCFA78-F042-4520-9397-A8860E63CFA8}"
EndProject
Project("{2150E333-8FDC-42A3-9474-1A3956D46DE8}") = "1.Front", "1.Front", "{431DBD61-20B0-44B7-AF03-359FA6AA97F5}"
EndProject
Project("{2150E333-8FDC-42A3-9474-1A3956D46DE8}") = "2.Server", "2.Server", "{C1E1D3E4-5555-4426-990B-4E876ED9CFEF}"
EndProject
Project("{2150E333-8FDC-42A3-9474-1A3956D46DE8}") = "3.Domain", "3.Domain", "{64E922C0-CADE-43DF-ADFC-912937047939}"
EndProject
Project("{2150E333-8FDC-42A3-9474-1A3956D46DE8}") = "4.Model", "4.Model", "{13869280-C7C9-4A5F-A170-B50A4CE431B7}"
EndProject
Project("{2150E333-8FDC-42A3-9474-1A3956D46DE8}") = "5.Infrastructrue", "5.Infrastructrue", "{E8539187-B55C-4AFB-9AC7-BD2918C53161}"
EndProject
Project("{FAE04EC0-301F-11D3-BF4B-00C04F79EFBC}") = "Eagle.Server", "Eagle.Server\Eagle.Server.csproj", "{5EB1B509-74FC-4122-8A69-048B90FB0F41}"
EndProject
Project("{FAE04EC0-301F-11D3-BF4B-00C04F79EFBC}") = "Eagle.Server.Interface", "Eagle.Server.Interface\Eagle.Server.Interface.csproj", "{70D04AC9-7DDF-4AC8-B5C0-4A38EA375B9B}"
EndProject
Project("{FAE04EC0-301F-11D3-BF4B-00C04F79EFBC}") = "Eagle.ViewModel", "Eagle.ViewModel\Eagle.ViewModel.csproj", "{C154AC95-74C1-4F88-9E2E-4203D8B0AD0D}"
EndProject
Project("{FAE04EC0-301F-11D3-BF4B-00C04F79EFBC}") = "Eagle.Domain.EF", "Eagle.Domain.EF\Eagle.Domain.EF.csproj", "{D5593AB4-FC2F-4623-B3EB-80B667EC5316}"
EndProject
Project("{FAE04EC0-301F-11D3-BF4B-00C04F79EFBC}") = "Eagle.Domain.Events", "Eagle.Domain.Events\Eagle.Domain.Events.csproj", "{2C39770C-9DB9-49B2-A858-86D4CA5C4E20}"
EndProject
Project("{FAE04EC0-301F-11D3-BF4B-00C04F79EFBC}") = "Eagle.Domain.Events.Handles", "Eagle.Domain.Events.Handles\Eagle.Domain.Events.Handles.csproj", "{CADCD90F-9ADF-4E2A-9186-BC508A828F27}"
EndProject
Project("{FAE04EC0-301F-11D3-BF4B-00C04F79EFBC}") = "Eagle.Model", "Eagle.Model\Eagle.Model.csproj", "{63590581-7F4A-4067-8148-F17952138663}"
EndProject
Project("{FAE04EC0-301F-11D3-BF4B-00C04F79EFBC}") = "Eagle.Infrastructrue", "Eagle.Infrastructrue\Eagle.Infrastructrue.csproj", "{950360C3-F1B7-408A-8C31-8E0687189115}"
EndProject
Project("{FAE04EC0-301F-11D3-BF4B-00C04F79EFBC}") = "Eagle.Cmd", "Eagle.Cmd\Eagle.Cmd.csproj", "{D1B2594D-F26B-4804-98A9-647A73A0CA12}"
EndProject
Project("{FAE04EC0-301F-11D3-BF4B-00C04F79EFBC}") = "Eagle.Cmd.Server", "Eagle.Cmd.Server\Eagle.Cmd.Server.csproj", "{739E361A-ABD9-4A13-AE7D-D5B8D2433B83}"
EndProject
Global
	GlobalSection(SolutionConfigurationPlatforms) = preSolution
		Debug|Any CPU = Debug|Any CPU
		Debug|ARM = Debug|ARM
		Debug|x64 = Debug|x64
		Debug|x86 = Debug|x86
		Release|Any CPU = Release|Any CPU
		Release|ARM = Release|ARM
		Release|x64 = Release|x64
		Release|x86 = Release|x86
	EndGlobalSection
	GlobalSection(ProjectConfigurationPlatforms) = postSolution
		{EDDCFA78-F042-4520-9397-A8860E63CFA8}.Debug|Any CPU.ActiveCfg = Debug|Any CPU
		{EDDCFA78-F042-4520-9397-A8860E63CFA8}.Debug|Any CPU.Build.0 = Debug|Any CPU
		{EDDCFA78-F042-4520-9397-A8860E63CFA8}.Debug|ARM.ActiveCfg = Debug|Any CPU
		{EDDCFA78-F042-4520-9397-A8860E63CFA8}.Debug|ARM.Build.0 = Debug|Any CPU
		{EDDCFA78-F042-4520-9397-A8860E63CFA8}.Debug|x64.ActiveCfg = Debug|Any CPU
		{EDDCFA78-F042-4520-9397-A8860E63CFA8}.Debug|x86.ActiveCfg = Debug|Any CPU
		{EDDCFA78-F042-4520-9397-A8860E63CFA8}.Release|Any CPU.ActiveCfg = Release|Any CPU
		{EDDCFA78-F042-4520-9397-A8860E63CFA8}.Release|Any CPU.Build.0 = Release|Any CPU
		{EDDCFA78-F042-4520-9397-A8860E63CFA8}.Release|ARM.ActiveCfg = Release|Any CPU
		{EDDCFA78-F042-4520-9397-A8860E63CFA8}.Release|x64.ActiveCfg = Release|Any CPU
		{EDDCFA78-F042-4520-9397-A8860E63CFA8}.Release|x86.ActiveCfg = Release|Any CPU
		{5EB1B509-74FC-4122-8A69-048B90FB0F41}.Debug|Any CPU.ActiveCfg = Debug|Any CPU
		{5EB1B509-74FC-4122-8A69-048B90FB0F41}.Debug|Any CPU.Build.0 = Debug|Any CPU
		{5EB1B509-74FC-4122-8A69-048B90FB0F41}.Debug|ARM.ActiveCfg = Debug|Any CPU
		{5EB1B509-74FC-4122-8A69-048B90FB0F41}.Debug|ARM.Build.0 = Debug|Any CPU
		{5EB1B509-74FC-4122-8A69-048B90FB0F41}.Debug|x64.ActiveCfg = Debug|x64
		{5EB1B509-74FC-4122-8A69-048B90FB0F41}.Debug|x64.Build.0 = Debug|x64
		{5EB1B509-74FC-4122-8A69-048B90FB0F41}.Debug|x86.ActiveCfg = Debug|Any CPU
		{5EB1B509-74FC-4122-8A69-048B90FB0F41}.Release|Any CPU.ActiveCfg = Release|Any CPU
		{5EB1B509-74FC-4122-8A69-048B90FB0F41}.Release|Any CPU.Build.0 = Release|Any CPU
		{5EB1B509-74FC-4122-8A69-048B90FB0F41}.Release|ARM.ActiveCfg = Release|Any CPU
		{5EB1B509-74FC-4122-8A69-048B90FB0F41}.Release|x64.ActiveCfg = Release|x64
		{5EB1B509-74FC-4122-8A69-048B90FB0F41}.Release|x64.Build.0 = Release|x64
		{5EB1B509-74FC-4122-8A69-048B90FB0F41}.Release|x86.ActiveCfg = Release|Any CPU
		{70D04AC9-7DDF-4AC8-B5C0-4A38EA375B9B}.Debug|Any CPU.ActiveCfg = Debug|Any CPU
		{70D04AC9-7DDF-4AC8-B5C0-4A38EA375B9B}.Debug|Any CPU.Build.0 = Debug|Any CPU
		{70D04AC9-7DDF-4AC8-B5C0-4A38EA375B9B}.Debug|ARM.ActiveCfg = Debug|Any CPU
		{70D04AC9-7DDF-4AC8-B5C0-4A38EA375B9B}.Debug|ARM.Build.0 = Debug|Any CPU
		{70D04AC9-7DDF-4AC8-B5C0-4A38EA375B9B}.Debug|x64.ActiveCfg = Debug|Any CPU
		{70D04AC9-7DDF-4AC8-B5C0-4A38EA375B9B}.Debug|x86.ActiveCfg = Debug|Any CPU
		{70D04AC9-7DDF-4AC8-B5C0-4A38EA375B9B}.Release|Any CPU.ActiveCfg = Release|Any CPU
		{70D04AC9-7DDF-4AC8-B5C0-4A38EA375B9B}.Release|Any CPU.Build.0 = Release|Any CPU
		{70D04AC9-7DDF-4AC8-B5C0-4A38EA375B9B}.Release|ARM.ActiveCfg = Release|Any CPU
		{70D04AC9-7DDF-4AC8-B5C0-4A38EA375B9B}.Release|x64.ActiveCfg = Release|Any CPU
		{70D04AC9-7DDF-4AC8-B5C0-4A38EA375B9B}.Release|x86.ActiveCfg = Release|Any CPU
		{C154AC95-74C1-4F88-9E2E-4203D8B0AD0D}.Debug|Any CPU.ActiveCfg = Debug|Any CPU
		{C154AC95-74C1-4F88-9E2E-4203D8B0AD0D}.Debug|Any CPU.Build.0 = Debug|Any CPU
		{C154AC95-74C1-4F88-9E2E-4203D8B0AD0D}.Debug|ARM.ActiveCfg = Debug|Any CPU
		{C154AC95-74C1-4F88-9E2E-4203D8B0AD0D}.Debug|ARM.Build.0 = Debug|Any CPU
		{C154AC95-74C1-4F88-9E2E-4203D8B0AD0D}.Debug|x64.ActiveCfg = Debug|Any CPU
		{C154AC95-74C1-4F88-9E2E-4203D8B0AD0D}.Debug|x86.ActiveCfg = Debug|Any CPU
		{C154AC95-74C1-4F88-9E2E-4203D8B0AD0D}.Release|Any CPU.ActiveCfg = Release|Any CPU
		{C154AC95-74C1-4F88-9E2E-4203D8B0AD0D}.Release|Any CPU.Build.0 = Release|Any CPU
		{C154AC95-74C1-4F88-9E2E-4203D8B0AD0D}.Release|ARM.ActiveCfg = Release|Any CPU
		{C154AC95-74C1-4F88-9E2E-4203D8B0AD0D}.Release|x64.ActiveCfg = Release|Any CPU
		{C154AC95-74C1-4F88-9E2E-4203D8B0AD0D}.Release|x86.ActiveCfg = Release|Any CPU
		{D5593AB4-FC2F-4623-B3EB-80B667EC5316}.Debug|Any CPU.ActiveCfg = Debug|Any CPU
		{D5593AB4-FC2F-4623-B3EB-80B667EC5316}.Debug|Any CPU.Build.0 = Debug|Any CPU
		{D5593AB4-FC2F-4623-B3EB-80B667EC5316}.Debug|ARM.ActiveCfg = Debug|Any CPU
		{D5593AB4-FC2F-4623-B3EB-80B667EC5316}.Debug|ARM.Build.0 = Debug|Any CPU
		{D5593AB4-FC2F-4623-B3EB-80B667EC5316}.Debug|x64.ActiveCfg = Debug|Any CPU
		{D5593AB4-FC2F-4623-B3EB-80B667EC5316}.Debug|x86.ActiveCfg = Debug|Any CPU
		{D5593AB4-FC2F-4623-B3EB-80B667EC5316}.Release|Any CPU.ActiveCfg = Release|Any CPU
		{D5593AB4-FC2F-4623-B3EB-80B667EC5316}.Release|Any CPU.Build.0 = Release|Any CPU
		{D5593AB4-FC2F-4623-B3EB-80B667EC5316}.Release|ARM.ActiveCfg = Release|Any CPU
		{D5593AB4-FC2F-4623-B3EB-80B667EC5316}.Release|x64.ActiveCfg = Release|Any CPU
		{D5593AB4-FC2F-4623-B3EB-80B667EC5316}.Release|x86.ActiveCfg = Release|Any CPU
		{2C39770C-9DB9-49B2-A858-86D4CA5C4E20}.Debug|Any CPU.ActiveCfg = Debug|Any CPU
		{2C39770C-9DB9-49B2-A858-86D4CA5C4E20}.Debug|Any CPU.Build.0 = Debug|Any CPU
		{2C39770C-9DB9-49B2-A858-86D4CA5C4E20}.Debug|ARM.ActiveCfg = Debug|Any CPU
		{2C39770C-9DB9-49B2-A858-86D4CA5C4E20}.Debug|ARM.Build.0 = Debug|Any CPU
		{2C39770C-9DB9-49B2-A858-86D4CA5C4E20}.Debug|x64.ActiveCfg = Debug|Any CPU
		{2C39770C-9DB9-49B2-A858-86D4CA5C4E20}.Debug|x86.ActiveCfg = Debug|Any CPU
		{2C39770C-9DB9-49B2-A858-86D4CA5C4E20}.Release|Any CPU.ActiveCfg = Release|Any CPU
		{2C39770C-9DB9-49B2-A858-86D4CA5C4E20}.Release|Any CPU.Build.0 = Release|Any CPU
		{2C39770C-9DB9-49B2-A858-86D4CA5C4E20}.Release|ARM.ActiveCfg = Release|Any CPU
		{2C39770C-9DB9-49B2-A858-86D4CA5C4E20}.Release|x64.ActiveCfg = Release|Any CPU
		{2C39770C-9DB9-49B2-A858-86D4CA5C4E20}.Release|x86.ActiveCfg = Release|Any CPU
		{CADCD90F-9ADF-4E2A-9186-BC508A828F27}.Debug|Any CPU.ActiveCfg = Debug|Any CPU
		{CADCD90F-9ADF-4E2A-9186-BC508A828F27}.Debug|Any CPU.Build.0 = Debug|Any CPU
		{CADCD90F-9ADF-4E2A-9186-BC508A828F27}.Debug|ARM.ActiveCfg = Debug|Any CPU
		{CADCD90F-9ADF-4E2A-9186-BC508A828F27}.Debug|ARM.Build.0 = Debug|Any CPU
		{CADCD90F-9ADF-4E2A-9186-BC508A828F27}.Debug|x64.ActiveCfg = Debug|Any CPU
		{CADCD90F-9ADF-4E2A-9186-BC508A828F27}.Debug|x86.ActiveCfg = Debug|Any CPU
		{CADCD90F-9ADF-4E2A-9186-BC508A828F27}.Release|Any CPU.ActiveCfg = Release|Any CPU
		{CADCD90F-9ADF-4E2A-9186-BC508A828F27}.Release|Any CPU.Build.0 = Release|Any CPU
		{CADCD90F-9ADF-4E2A-9186-BC508A828F27}.Release|ARM.ActiveCfg = Release|Any CPU
		{CADCD90F-9ADF-4E2A-9186-BC508A828F27}.Release|x64.ActiveCfg = Release|Any CPU
		{CADCD90F-9ADF-4E2A-9186-BC508A828F27}.Release|x86.ActiveCfg = Release|Any CPU
		{63590581-7F4A-4067-8148-F17952138663}.Debug|Any CPU.ActiveCfg = Debug|Any CPU
		{63590581-7F4A-4067-8148-F17952138663}.Debug|Any CPU.Build.0 = Debug|Any CPU
		{63590581-7F4A-4067-8148-F17952138663}.Debug|ARM.ActiveCfg = Debug|Any CPU
		{63590581-7F4A-4067-8148-F17952138663}.Debug|ARM.Build.0 = Debug|Any CPU
		{63590581-7F4A-4067-8148-F17952138663}.Debug|x64.ActiveCfg = Debug|Any CPU
		{63590581-7F4A-4067-8148-F17952138663}.Debug|x86.ActiveCfg = Debug|Any CPU
		{63590581-7F4A-4067-8148-F17952138663}.Release|Any CPU.ActiveCfg = Release|Any CPU
		{63590581-7F4A-4067-8148-F17952138663}.Release|Any CPU.Build.0 = Release|Any CPU
		{63590581-7F4A-4067-8148-F17952138663}.Release|ARM.ActiveCfg = Release|Any CPU
		{63590581-7F4A-4067-8148-F17952138663}.Release|x64.ActiveCfg = Release|Any CPU
		{63590581-7F4A-4067-8148-F17952138663}.Release|x86.ActiveCfg = Release|Any CPU
		{950360C3-F1B7-408A-8C31-8E0687189115}.Debug|Any CPU.ActiveCfg = Debug|Any CPU
		{950360C3-F1B7-408A-8C31-8E0687189115}.Debug|Any CPU.Build.0 = Debug|Any CPU
		{950360C3-F1B7-408A-8C31-8E0687189115}.Debug|ARM.ActiveCfg = Debug|Any CPU
		{950360C3-F1B7-408A-8C31-8E0687189115}.Debug|ARM.Build.0 = Debug|Any CPU
		{950360C3-F1B7-408A-8C31-8E0687189115}.Debug|x64.ActiveCfg = Debug|Any CPU
		{950360C3-F1B7-408A-8C31-8E0687189115}.Debug|x86.ActiveCfg = Debug|Any CPU
		{950360C3-F1B7-408A-8C31-8E0687189115}.Release|Any CPU.ActiveCfg = Release|Any CPU
		{950360C3-F1B7-408A-8C31-8E0687189115}.Release|Any CPU.Build.0 = Release|Any CPU
		{950360C3-F1B7-408A-8C31-8E0687189115}.Release|ARM.ActiveCfg = Release|Any CPU
		{950360C3-F1B7-408A-8C31-8E0687189115}.Release|x64.ActiveCfg = Release|Any CPU
		{950360C3-F1B7-408A-8C31-8E0687189115}.Release|x86.ActiveCfg = Release|Any CPU
		{D1B2594D-F26B-4804-98A9-647A73A0CA12}.Debug|Any CPU.ActiveCfg = Debug|Any CPU
		{D1B2594D-F26B-4804-98A9-647A73A0CA12}.Debug|Any CPU.Build.0 = Debug|Any CPU
		{D1B2594D-F26B-4804-98A9-647A73A0CA12}.Debug|ARM.ActiveCfg = Debug|Any CPU
		{D1B2594D-F26B-4804-98A9-647A73A0CA12}.Debug|ARM.Build.0 = Debug|Any CPU
		{D1B2594D-F26B-4804-98A9-647A73A0CA12}.Debug|x64.ActiveCfg = Debug|Any CPU
		{D1B2594D-F26B-4804-98A9-647A73A0CA12}.Debug|x86.ActiveCfg = Debug|Any CPU
		{D1B2594D-F26B-4804-98A9-647A73A0CA12}.Release|Any CPU.ActiveCfg = Release|Any CPU
		{D1B2594D-F26B-4804-98A9-647A73A0CA12}.Release|Any CPU.Build.0 = Release|Any CPU
		{D1B2594D-F26B-4804-98A9-647A73A0CA12}.Release|ARM.ActiveCfg = Release|Any CPU
		{D1B2594D-F26B-4804-98A9-647A73A0CA12}.Release|x64.ActiveCfg = Release|Any CPU
		{D1B2594D-F26B-4804-98A9-647A73A0CA12}.Release|x86.ActiveCfg = Release|Any CPU
		{739E361A-ABD9-4A13-AE7D-D5B8D2433B83}.Debug|Any CPU.ActiveCfg = Debug|Any CPU
		{739E361A-ABD9-4A13-AE7D-D5B8D2433B83}.Debug|Any CPU.Build.0 = Debug|Any CPU
		{739E361A-ABD9-4A13-AE7D-D5B8D2433B83}.Debug|ARM.ActiveCfg = Debug|Any CPU
		{739E361A-ABD9-4A13-AE7D-D5B8D2433B83}.Debug|ARM.Build.0 = Debug|Any CPU
		{739E361A-ABD9-4A13-AE7D-D5B8D2433B83}.Debug|x64.ActiveCfg = Debug|Any CPU
		{739E361A-ABD9-4A13-AE7D-D5B8D2433B83}.Debug|x86.ActiveCfg = Debug|Any CPU
		{739E361A-ABD9-4A13-AE7D-D5B8D2433B83}.Release|Any CPU.ActiveCfg = Release|Any CPU
		{739E361A-ABD9-4A13-AE7D-D5B8D2433B83}.Release|Any CPU.Build.0 = Release|Any CPU
		{739E361A-ABD9-4A13-AE7D-D5B8D2433B83}.Release|ARM.ActiveCfg = Release|Any CPU
		{739E361A-ABD9-4A13-AE7D-D5B8D2433B83}.Release|x64.ActiveCfg = Release|Any CPU
		{739E361A-ABD9-4A13-AE7D-D5B8D2433B83}.Release|x86.ActiveCfg = Release|Any CPU
	EndGlobalSection
	GlobalSection(SolutionProperties) = preSolution
		HideSolutionNode = FALSE
	EndGlobalSection
	GlobalSection(NestedProjects) = preSolution
		{EDDCFA78-F042-4520-9397-A8860E63CFA8} = {431DBD61-20B0-44B7-AF03-359FA6AA97F5}
		{5EB1B509-74FC-4122-8A69-048B90FB0F41} = {C1E1D3E4-5555-4426-990B-4E876ED9CFEF}
		{70D04AC9-7DDF-4AC8-B5C0-4A38EA375B9B} = {C1E1D3E4-5555-4426-990B-4E876ED9CFEF}
		{C154AC95-74C1-4F88-9E2E-4203D8B0AD0D} = {C1E1D3E4-5555-4426-990B-4E876ED9CFEF}
		{D5593AB4-FC2F-4623-B3EB-80B667EC5316} = {64E922C0-CADE-43DF-ADFC-912937047939}
		{2C39770C-9DB9-49B2-A858-86D4CA5C4E20} = {64E922C0-CADE-43DF-ADFC-912937047939}
		{CADCD90F-9ADF-4E2A-9186-BC508A828F27} = {64E922C0-CADE-43DF-ADFC-912937047939}
		{63590581-7F4A-4067-8148-F17952138663} = {13869280-C7C9-4A5F-A170-B50A4CE431B7}
		{950360C3-F1B7-408A-8C31-8E0687189115} = {E8539187-B55C-4AFB-9AC7-BD2918C53161}
		{D1B2594D-F26B-4804-98A9-647A73A0CA12} = {431DBD61-20B0-44B7-AF03-359FA6AA97F5}
		{739E361A-ABD9-4A13-AE7D-D5B8D2433B83} = {431DBD61-20B0-44B7-AF03-359FA6AA97F5}
	EndGlobalSection
EndGlobal
